
Microsoft Visual Studio Solution File, Format Version 12.00
# Visual Studio Version 17
VisualStudioVersion = 17.4.33213.308
MinimumVisualStudioVersion = 10.0.40219.1
Project("{FAE04EC0-301F-11D3-BF4B-00C04F79EFBC}") = "Address Book", "Address Book\Address Book.csproj", "{77DC0AA6-8E36-4638-98C2-FD7F431F6226}"
EndProject
Global
	GlobalSection(SolutionConfigurationPlatforms) = preSolution
		Debug|Any CPU = Debug|Any CPU
		Release|Any CPU = Release|Any CPU
	EndGlobalSection
	GlobalSection(ProjectConfigurationPlatforms) = postSolution
		{77DC0AA6-8E36-4638-98C2-FD7F431F6226}.Debug|Any CPU.ActiveCfg = Debug|Any CPU
		{77DC0AA6-8E36-4638-98C2-FD7F431F6226}.Debug|Any CPU.Build.0 = Debug|Any CPU
		{77DC0AA6-8E36-4638-98C2-FD7F431F6226}.Release|Any CPU.ActiveCfg = Release|Any CPU
		{77DC0AA6-8E36-4638-98C2-FD7F431F6226}.Release|Any CPU.Build.0 = Release|Any CPU
	EndGlobalSection
	GlobalSection(SolutionProperties) = preSolution
		HideSolutionNode = FALSE
	EndGlobalSection
	GlobalSection(ExtensibilityGlobals) = postSolution
		SolutionGuid = {3E3BCEEB-02FB-4330-AD81-620FA74A8FBA}
	EndGlobalSection
EndGlobal
